
Microsoft Visual Studio Solution File, Format Version 12.00
# Visual Studio Version 17
VisualStudioVersion = 17.12.35514.174 d17.12
MinimumVisualStudioVersion = 10.0.40219.1
Project("{FAE04EC0-301F-11D3-BF4B-00C04F79EFBC}") = "Quicksite.API", "Quicksite.API\Quicksite.API.csproj", "{357531B8-C6F7-40A1-BCED-11EEC684FFDC}"
EndProject
Global
	GlobalSection(SolutionConfigurationPlatforms) = preSolution
		Debug|Any CPU = Debug|Any CPU
		Release|Any CPU = Release|Any CPU
	EndGlobalSection
	GlobalSection(ProjectConfigurationPlatforms) = postSolution
		{357531B8-C6F7-40A1-BCED-11EEC684FFDC}.Debug|Any CPU.ActiveCfg = Debug|Any CPU
		{357531B8-C6F7-40A1-BCED-11EEC684FFDC}.Debug|Any CPU.Build.0 = Debug|Any CPU
		{357531B8-C6F7-40A1-BCED-11EEC684FFDC}.Release|Any CPU.ActiveCfg = Release|Any CPU
		{357531B8-C6F7-40A1-BCED-11EEC684FFDC}.Release|Any CPU.Build.0 = Release|Any CPU
	EndGlobalSection
	GlobalSection(SolutionProperties) = preSolution
		HideSolutionNode = FALSE
	EndGlobalSection
EndGlobal
